
Microsoft Visual Studio Solution File, Format Version 12.00
# Visual Studio Version 17
VisualStudioVersion = 17.3.32804.467
MinimumVisualStudioVersion = 10.0.40219.1
Project("{FAE04EC0-301F-11D3-BF4B-00C04F79EFBC}") = "WPF-Application", "WPF-Application\WPF-Application.csproj", "{6B66A1E8-B5CF-4B2E-97F2-F4512B79FD3E}"
EndProject
Global
	GlobalSection(SolutionConfigurationPlatforms) = preSolution
		Debug|Any CPU = Debug|Any CPU
		Release|Any CPU = Release|Any CPU
	EndGlobalSection
	GlobalSection(ProjectConfigurationPlatforms) = postSolution
		{6B66A1E8-B5CF-4B2E-97F2-F4512B79FD3E}.Debug|Any CPU.ActiveCfg = Debug|Any CPU
		{6B66A1E8-B5CF-4B2E-97F2-F4512B79FD3E}.Debug|Any CPU.Build.0 = Debug|Any CPU
		{6B66A1E8-B5CF-4B2E-97F2-F4512B79FD3E}.Release|Any CPU.ActiveCfg = Release|Any CPU
		{6B66A1E8-B5CF-4B2E-97F2-F4512B79FD3E}.Release|Any CPU.Build.0 = Release|Any CPU
	EndGlobalSection
	GlobalSection(SolutionProperties) = preSolution
		HideSolutionNode = FALSE
	EndGlobalSection
	GlobalSection(ExtensibilityGlobals) = postSolution
		SolutionGuid = {B3A5BBBD-CBE2-4050-BCA7-426FD62E3B31}
	EndGlobalSection
EndGlobal
