
Microsoft Visual Studio Solution File, Format Version 12.00
# Visual Studio Version 17
VisualStudioVersion = 17.3.32804.467
MinimumVisualStudioVersion = 10.0.40219.1
Project("{FAE04EC0-301F-11D3-BF4B-00C04F79EFBC}") = "WPF-Application", "WPF-Application\WPF-Application.csproj", "{6B66A1E8-B5CF-4B2E-97F2-F4512B79FD3E}"
EndProject
Project("{FAE04EC0-301F-11D3-BF4B-00C04F79EFBC}") = "WPF-App.Domain", "WPF-App.Domain\WPF-App.Domain.csproj", "{B6325C90-9D2D-4A47-B5C2-2EC40034A7B7}"
EndProject
Project("{FAE04EC0-301F-11D3-BF4B-00C04F79EFBC}") = "WPF-App.Data", "WPF-App.Data\WPF-App.Data.csproj", "{9DE7344F-EA10-4CD2-9594-D9651CF0F6E3}"
EndProject
Project("{FAE04EC0-301F-11D3-BF4B-00C04F79EFBC}") = "WPF-App.Service", "WPF-App.Service\WPF-App.Service.csproj", "{9F3B18E6-0159-4CEC-96CC-4F9F89A64D27}"
EndProject
Global
	GlobalSection(SolutionConfigurationPlatforms) = preSolution
		Debug|Any CPU = Debug|Any CPU
		Release|Any CPU = Release|Any CPU
	EndGlobalSection
	GlobalSection(ProjectConfigurationPlatforms) = postSolution
		{6B66A1E8-B5CF-4B2E-97F2-F4512B79FD3E}.Debug|Any CPU.ActiveCfg = Debug|Any CPU
		{6B66A1E8-B5CF-4B2E-97F2-F4512B79FD3E}.Debug|Any CPU.Build.0 = Debug|Any CPU
		{6B66A1E8-B5CF-4B2E-97F2-F4512B79FD3E}.Release|Any CPU.ActiveCfg = Release|Any CPU
		{6B66A1E8-B5CF-4B2E-97F2-F4512B79FD3E}.Release|Any CPU.Build.0 = Release|Any CPU
		{B6325C90-9D2D-4A47-B5C2-2EC40034A7B7}.Debug|Any CPU.ActiveCfg = Debug|Any CPU
		{B6325C90-9D2D-4A47-B5C2-2EC40034A7B7}.Debug|Any CPU.Build.0 = Debug|Any CPU
		{B6325C90-9D2D-4A47-B5C2-2EC40034A7B7}.Release|Any CPU.ActiveCfg = Release|Any CPU
		{B6325C90-9D2D-4A47-B5C2-2EC40034A7B7}.Release|Any CPU.Build.0 = Release|Any CPU
		{9DE7344F-EA10-4CD2-9594-D9651CF0F6E3}.Debug|Any CPU.ActiveCfg = Debug|Any CPU
		{9DE7344F-EA10-4CD2-9594-D9651CF0F6E3}.Debug|Any CPU.Build.0 = Debug|Any CPU
		{9DE7344F-EA10-4CD2-9594-D9651CF0F6E3}.Release|Any CPU.ActiveCfg = Release|Any CPU
		{9DE7344F-EA10-4CD2-9594-D9651CF0F6E3}.Release|Any CPU.Build.0 = Release|Any CPU
		{9F3B18E6-0159-4CEC-96CC-4F9F89A64D27}.Debug|Any CPU.ActiveCfg = Debug|Any CPU
		{9F3B18E6-0159-4CEC-96CC-4F9F89A64D27}.Debug|Any CPU.Build.0 = Debug|Any CPU
		{9F3B18E6-0159-4CEC-96CC-4F9F89A64D27}.Release|Any CPU.ActiveCfg = Release|Any CPU
		{9F3B18E6-0159-4CEC-96CC-4F9F89A64D27}.Release|Any CPU.Build.0 = Release|Any CPU
	EndGlobalSection
	GlobalSection(SolutionProperties) = preSolution
		HideSolutionNode = FALSE
	EndGlobalSection
	GlobalSection(ExtensibilityGlobals) = postSolution
		SolutionGuid = {B3A5BBBD-CBE2-4050-BCA7-426FD62E3B31}
	EndGlobalSection
EndGlobal
